
Microsoft Visual Studio Solution File, Format Version 12.00
# Visual Studio Version 17
VisualStudioVersion = 17.4.33213.308
MinimumVisualStudioVersion = 10.0.40219.1
Project("{9A19103F-16F7-4668-BE54-9A1E7A4F7556}") = "IMS.WebApp", "IMS.WebApp\IMS.WebApp.csproj", "{CD5190A4-8880-4F0D-A5CA-79029BB928CD}"
EndProject
Project("{9A19103F-16F7-4668-BE54-9A1E7A4F7556}") = "IMS.Services", "IMS.Services\IMS.Services.csproj", "{CD3E383D-219E-4CD0-B3EA-F3507E736B3C}"
EndProject
Project("{9A19103F-16F7-4668-BE54-9A1E7A4F7556}") = "IMS.CoreBusiness", "IMS.CoreBusiness\IMS.CoreBusiness.csproj", "{780690E5-4623-4BB4-9250-D887E6593F2C}"
EndProject
Project("{2150E333-8FDC-42A3-9474-1A3956D46DE8}") = "IMS.Plugins", "IMS.Plugins", "{6DF1207D-FCB9-42BF-B1A8-B1900F4CD4A4}"
EndProject
Project("{9A19103F-16F7-4668-BE54-9A1E7A4F7556}") = "IMS.Plugins.InMemory", "IMS.Plugins.InMemory\IMS.Plugins.InMemory.csproj", "{D486A8ED-3F60-41A1-AEA1-430FE6ED5366}"
EndProject
Global
	GlobalSection(SolutionConfigurationPlatforms) = preSolution
		Debug|Any CPU = Debug|Any CPU
		Release|Any CPU = Release|Any CPU
	EndGlobalSection
	GlobalSection(ProjectConfigurationPlatforms) = postSolution
		{CD5190A4-8880-4F0D-A5CA-79029BB928CD}.Debug|Any CPU.ActiveCfg = Debug|Any CPU
		{CD5190A4-8880-4F0D-A5CA-79029BB928CD}.Debug|Any CPU.Build.0 = Debug|Any CPU
		{CD5190A4-8880-4F0D-A5CA-79029BB928CD}.Release|Any CPU.ActiveCfg = Release|Any CPU
		{CD5190A4-8880-4F0D-A5CA-79029BB928CD}.Release|Any CPU.Build.0 = Release|Any CPU
		{CD3E383D-219E-4CD0-B3EA-F3507E736B3C}.Debug|Any CPU.ActiveCfg = Debug|Any CPU
		{CD3E383D-219E-4CD0-B3EA-F3507E736B3C}.Debug|Any CPU.Build.0 = Debug|Any CPU
		{CD3E383D-219E-4CD0-B3EA-F3507E736B3C}.Release|Any CPU.ActiveCfg = Release|Any CPU
		{CD3E383D-219E-4CD0-B3EA-F3507E736B3C}.Release|Any CPU.Build.0 = Release|Any CPU
		{780690E5-4623-4BB4-9250-D887E6593F2C}.Debug|Any CPU.ActiveCfg = Debug|Any CPU
		{780690E5-4623-4BB4-9250-D887E6593F2C}.Debug|Any CPU.Build.0 = Debug|Any CPU
		{780690E5-4623-4BB4-9250-D887E6593F2C}.Release|Any CPU.ActiveCfg = Release|Any CPU
		{780690E5-4623-4BB4-9250-D887E6593F2C}.Release|Any CPU.Build.0 = Release|Any CPU
		{D486A8ED-3F60-41A1-AEA1-430FE6ED5366}.Debug|Any CPU.ActiveCfg = Debug|Any CPU
		{D486A8ED-3F60-41A1-AEA1-430FE6ED5366}.Debug|Any CPU.Build.0 = Debug|Any CPU
		{D486A8ED-3F60-41A1-AEA1-430FE6ED5366}.Release|Any CPU.ActiveCfg = Release|Any CPU
		{D486A8ED-3F60-41A1-AEA1-430FE6ED5366}.Release|Any CPU.Build.0 = Release|Any CPU
	EndGlobalSection
	GlobalSection(SolutionProperties) = preSolution
		HideSolutionNode = FALSE
	EndGlobalSection
	GlobalSection(NestedProjects) = preSolution
		{D486A8ED-3F60-41A1-AEA1-430FE6ED5366} = {6DF1207D-FCB9-42BF-B1A8-B1900F4CD4A4}
	EndGlobalSection
	GlobalSection(ExtensibilityGlobals) = postSolution
		SolutionGuid = {200FBCE4-4DF1-4802-8FBE-366A48BE1E3D}
	EndGlobalSection
EndGlobal
